
Microsoft Visual Studio Solution File, Format Version 12.00
# Visual Studio Version 17
VisualStudioVersion = 17.11.35208.52
MinimumVisualStudioVersion = 10.0.40219.1
Project("{8BC9CEB8-8B4A-11D0-8D11-00A0C91BC942}") = "COMP_SCI-201L Lab 1", "COMP_SCI-201L Lab 1\COMP_SCI-201L Lab 1.vcxproj", "{FA72EBDC-A300-4E0E-AF8F-297D64DC23FA}"
EndProject
Global
	GlobalSection(SolutionConfigurationPlatforms) = preSolution
		Debug|x64 = Debug|x64
		Debug|x86 = Debug|x86
		Release|x64 = Release|x64
		Release|x86 = Release|x86
	EndGlobalSection
	GlobalSection(ProjectConfigurationPlatforms) = postSolution
		{FA72EBDC-A300-4E0E-AF8F-297D64DC23FA}.Debug|x64.ActiveCfg = Debug|x64
		{FA72EBDC-A300-4E0E-AF8F-297D64DC23FA}.Debug|x64.Build.0 = Debug|x64
		{FA72EBDC-A300-4E0E-AF8F-297D64DC23FA}.Debug|x86.ActiveCfg = Debug|Win32
		{FA72EBDC-A300-4E0E-AF8F-297D64DC23FA}.Debug|x86.Build.0 = Debug|Win32
		{FA72EBDC-A300-4E0E-AF8F-297D64DC23FA}.Release|x64.ActiveCfg = Release|x64
		{FA72EBDC-A300-4E0E-AF8F-297D64DC23FA}.Release|x64.Build.0 = Release|x64
		{FA72EBDC-A300-4E0E-AF8F-297D64DC23FA}.Release|x86.ActiveCfg = Release|Win32
		{FA72EBDC-A300-4E0E-AF8F-297D64DC23FA}.Release|x86.Build.0 = Release|Win32
	EndGlobalSection
	GlobalSection(SolutionProperties) = preSolution
		HideSolutionNode = FALSE
	EndGlobalSection
	GlobalSection(ExtensibilityGlobals) = postSolution
		SolutionGuid = {5B414FA8-E87B-48C3-A81E-477547CB33E2}
	EndGlobalSection
EndGlobal
